
Microsoft Visual Studio Solution File, Format Version 12.00
# Visual Studio Version 16
VisualStudioVersion = 16.0.30002.166
MinimumVisualStudioVersion = 10.0.40219.1
Project("{FAE04EC0-301F-11D3-BF4B-00C04F79EFBC}") = "Day04GridView", "Day04GridView\Day04GridView.csproj", "{2AACAB60-1F21-4AE3-A6FB-34E911A8F552}"
EndProject
Global
	GlobalSection(SolutionConfigurationPlatforms) = preSolution
		Debug|Any CPU = Debug|Any CPU
		Release|Any CPU = Release|Any CPU
	EndGlobalSection
	GlobalSection(ProjectConfigurationPlatforms) = postSolution
		{2AACAB60-1F21-4AE3-A6FB-34E911A8F552}.Debug|Any CPU.ActiveCfg = Debug|Any CPU
		{2AACAB60-1F21-4AE3-A6FB-34E911A8F552}.Debug|Any CPU.Build.0 = Debug|Any CPU
		{2AACAB60-1F21-4AE3-A6FB-34E911A8F552}.Release|Any CPU.ActiveCfg = Release|Any CPU
		{2AACAB60-1F21-4AE3-A6FB-34E911A8F552}.Release|Any CPU.Build.0 = Release|Any CPU
	EndGlobalSection
	GlobalSection(SolutionProperties) = preSolution
		HideSolutionNode = FALSE
	EndGlobalSection
	GlobalSection(ExtensibilityGlobals) = postSolution
		SolutionGuid = {EEA9273E-7FA5-44CE-83D2-3720FF82242E}
	EndGlobalSection
EndGlobal
